
Microsoft Visual Studio Solution File, Format Version 12.00
# Visual Studio 15
VisualStudioVersion = 15.0.26403.7
MinimumVisualStudioVersion = 10.0.40219.1
Project("{FAE04EC0-301F-11D3-BF4B-00C04F79EFBC}") = "anime-downloader", "anime-downloader\anime-downloader.csproj", "{24FDE08D-AB95-4460-984A-73D052EFA2E4}"
EndProject
Project("{FAE04EC0-301F-11D3-BF4B-00C04F79EFBC}") = "anime-downloader.Tests", "anime-downloader.Tests\anime-downloader.Tests.csproj", "{54C944EA-8A61-41CC-9B9A-F53CF0CFEB3C}"
EndProject
Global
	GlobalSection(SolutionConfigurationPlatforms) = preSolution
		Debug|Any CPU = Debug|Any CPU
		Release|Any CPU = Release|Any CPU
	EndGlobalSection
	GlobalSection(ProjectConfigurationPlatforms) = postSolution
		{24FDE08D-AB95-4460-984A-73D052EFA2E4}.Debug|Any CPU.ActiveCfg = Debug|Any CPU
		{24FDE08D-AB95-4460-984A-73D052EFA2E4}.Debug|Any CPU.Build.0 = Debug|Any CPU
		{24FDE08D-AB95-4460-984A-73D052EFA2E4}.Release|Any CPU.ActiveCfg = Release|Any CPU
		{24FDE08D-AB95-4460-984A-73D052EFA2E4}.Release|Any CPU.Build.0 = Release|Any CPU
		{54C944EA-8A61-41CC-9B9A-F53CF0CFEB3C}.Debug|Any CPU.ActiveCfg = Debug|Any CPU
		{54C944EA-8A61-41CC-9B9A-F53CF0CFEB3C}.Debug|Any CPU.Build.0 = Debug|Any CPU
		{54C944EA-8A61-41CC-9B9A-F53CF0CFEB3C}.Release|Any CPU.ActiveCfg = Release|Any CPU
		{54C944EA-8A61-41CC-9B9A-F53CF0CFEB3C}.Release|Any CPU.Build.0 = Release|Any CPU
	EndGlobalSection
	GlobalSection(SolutionProperties) = preSolution
		HideSolutionNode = FALSE
	EndGlobalSection
EndGlobal
